
Microsoft Visual Studio Solution File, Format Version 11.00
# Visual Studio 2010
Project("{FAE04EC0-301F-11D3-BF4B-00C04F79EFBC}") = "Assembly-CSharp", "Assembly-CSharp.csproj", "{69A7955D-4588-AACC-526B-0F59F71ADDE2}"
EndProject
Global
	GlobalSection(SolutionConfigurationPlatforms) = preSolution
		Debug|Any CPU = Debug|Any CPU
		Release|Any CPU = Release|Any CPU
	EndGlobalSection
	GlobalSection(ProjectConfigurationPlatforms) = postSolution
		{69A7955D-4588-AACC-526B-0F59F71ADDE2}.Debug|Any CPU.ActiveCfg = Debug|Any CPU
		{69A7955D-4588-AACC-526B-0F59F71ADDE2}.Debug|Any CPU.Build.0 = Debug|Any CPU
		{69A7955D-4588-AACC-526B-0F59F71ADDE2}.Release|Any CPU.ActiveCfg = Release|Any CPU
		{69A7955D-4588-AACC-526B-0F59F71ADDE2}.Release|Any CPU.Build.0 = Release|Any CPU
	EndGlobalSection
	GlobalSection(SolutionProperties) = preSolution
		HideSolutionNode = FALSE
	EndGlobalSection
EndGlobal
